{
    "_meta": {
        "hash": {
            "sha256": "1553cf86d0a187d0fdf08dfe6dbbcf8f4a25dca76adc11fff166c829fccbe93c"
        },
        "pipfile-spec": 6,
        "requires": {
            "python_version": "3.6"
        },
        "sources": [
            {
                "name": "pypi",
                "url": "https://pypi.org/simple",
                "verify_ssl": true
            }
        ]
    },
    "default": {
        "anki-meetup-memorizer": {
            "editable": true,
            "git": "https://github.com/civictechto/anki-meetup-memorizer.git",
            "ref": "fbf97f80c9d1f03efc3bf628752773c54680ef5e"
        },
        "cachetools": {
            "hashes": [
                "sha256:1d057645db16ca7fe1f3bd953558897603d6f0b9c51ed9d11eb4d071ec4e2aab",
                "sha256:de5d88f87781602201cde465d3afe837546663b168e8b39df67411b0bf10cefc"
            ],
            "version": "==4.1.0"
        },
        "certifi": {
            "hashes": [
                "sha256:1d987a998c75633c40847cc966fcf5904906c920a7f17ef374f5aa4282abd304",
                "sha256:51fcb31174be6e6664c5f69e3e1691a2d72a1a12e90f872cbdb1567eb47b6519"
            ],
            "version": "==2020.4.5.1"
        },
        "chardet": {
            "hashes": [
                "sha256:84ab92ed1c4d4f16916e05906b6b75a6c0fb5db821cc65e70cbd64a3e2a5eaae",
                "sha256:fc323ffcaeaed0e0a02bf4d117757b98aed530d9ed4531e3e15460124c106691"
            ],
            "version": "==3.0.4"
        },
        "click": {
            "hashes": [
                "sha256:2335065e6395b9e67ca716de5f7526736bfa6ceead690adf616d925bdc622b13",
                "sha256:5b94b49521f6456670fdb30cd82a4eca9412788a93fa6dd6df72c94d5a8ff2d7"
            ],
            "index": "pypi",
            "version": "==7.0"
        },
        "dateparser": {
            "hashes": [
                "sha256:42d51be54e74a8e80a4d76d1fa6e4edd997098fce24ad2d94a2eab5ef247193e",
                "sha256:78124c458c461ea7198faa3c038f6381f37588b84bb42740e91a4cbd260b1d09"
            ],
            "index": "pypi",
            "version": "==0.7.1"
        },
        "decorator": {
            "hashes": [
                "sha256:41fa54c2a0cc4ba648be4fd43cff00aedf5b9465c9bf18d64325bc225f08f760",
                "sha256:e3a62f0520172440ca0dcc823749319382e377f37f140a0b99ef45fecb84bfe7"
            ],
            "version": "==4.4.2"
        },
        "deprecated": {
            "hashes": [
                "sha256:525ba66fb5f90b07169fdd48b6373c18f1ee12728ca277ca44567a367d9d7f74",
                "sha256:a766c1dccb30c5f6eb2b203f87edd1d8588847709c78589e1521d769addc8218"
            ],
            "version": "==1.2.10"
        },
        "google-api-core": {
            "hashes": [
                "sha256:c0e430658ed6be902d7ba7095fb0a9cac810270d71bf7ac4484e76c300407aae",
                "sha256:e4082a0b479dc2dee2f8d7b80ea8b5d0184885b773caab15ab1836277a01d689"
            ],
            "version": "==1.17.0"
        },
        "google-api-python-client": {
            "hashes": [
                "sha256:b764be88cf2a1f8b4c4d17c9187a279fea93f4d767e7d7c24f71bf25385a8b10",
                "sha256:be4e8dcf399d7d1dcaae004b7f18694907f740bf6e6cebda91da8ebd968c5481"
            ],
            "version": "==1.8.3"
        },
        "google-auth": {
            "hashes": [
                "sha256:73b141d122942afe12e8bfdcb6900d5df35c27d39700f078363ba0b1298ad33b",
                "sha256:fbf25fee328c0828ef293459d9c649ef84ee44c0b932bb999d19df0ead1b40cf"
            ],
            "version": "==1.15.0"
        },
        "google-auth-httplib2": {
            "hashes": [
                "sha256:098fade613c25b4527b2c08fa42d11f3c2037dda8995d86de0745228e965d445",
                "sha256:f1c437842155680cf9918df9bc51c1182fda41feef88c34004bd1978c8157e08"
            ],
            "version": "==0.0.3"
        },
        "googleapis-common-protos": {
            "hashes": [
                "sha256:013c91704279119150e44ef770086fdbba158c1f978a6402167d47d5409e226e"
            ],
            "version": "==1.51.0"
        },
        "gspread": {
            "hashes": [
                "sha256:dd945e3ae5d3d0325ad9982e0d5667f79ca121d0bb6f35274dc84371bbb79dd5",
                "sha256:f7ce6c06250f694976c3cd4944e3b607b0810b93383839e5b67c7199ce2f0d3d"
            ],
            "index": "pypi",
            "version": "==3.1.0"
        },
        "httplib2": {
            "hashes": [
                "sha256:4f6988e6399a2546b525a037d56da34aed4d149bbdc0e78523018d5606c26e74",
                "sha256:b0e1f3ed76c97380fe2485bc47f25235453b40ef33ca5921bb2897e257a49c4c"
            ],
            "index": "pypi",
            "version": "==0.18.0"
        },
        "idna": {
            "hashes": [
                "sha256:c357b3f628cf53ae2c4c05627ecc484553142ca23264e593d327bcde5e9c3407",
                "sha256:ea8b7f6188e6fa117537c3df7da9fc686d485087abf6ac197f9c46432f7e4a3c"
            ],
            "version": "==2.8"
        },
        "jinja2": {
            "hashes": [
                "sha256:74c935a1b8bb9a3947c50a54766a969d4846290e1e788ea44c1392163723c3bd",
                "sha256:f84be1bb0040caca4cea721fcbbbbd61f9be9464ca236387158b0feea01914a4"
            ],
            "index": "pypi",
            "version": "==2.10"
        },
        "mailchimp3": {
            "hashes": [
                "sha256:12dcb25e9243a11404d34c91256ba0fc5aff3dc54ec9c5e2af077bd43d4dd5fb",
                "sha256:77fa4e8587abfc145394a53f844822c5660d0b4dffbcc162700e02be275183c2"
            ],
            "index": "pypi",
            "version": "==3.0.6"
        },
        "markupsafe": {
            "hashes": [
                "sha256:00bc623926325b26bb9605ae9eae8a215691f33cae5df11ca5424f06f2d1f473",
                "sha256:09027a7803a62ca78792ad89403b1b7a73a01c8cb65909cd876f7fcebd79b161",
                "sha256:09c4b7f37d6c648cb13f9230d847adf22f8171b1ccc4d5682398e77f40309235",
                "sha256:1027c282dad077d0bae18be6794e6b6b8c91d58ed8a8d89a89d59693b9131db5",
                "sha256:13d3144e1e340870b25e7b10b98d779608c02016d5184cfb9927a9f10c689f42",
                "sha256:24982cc2533820871eba85ba648cd53d8623687ff11cbb805be4ff7b4c971aff",
                "sha256:29872e92839765e546828bb7754a68c418d927cd064fd4708fab9fe9c8bb116b",
                "sha256:43a55c2930bbc139570ac2452adf3d70cdbb3cfe5912c71cdce1c2c6bbd9c5d1",
                "sha256:46c99d2de99945ec5cb54f23c8cd5689f6d7177305ebff350a58ce5f8de1669e",
                "sha256:500d4957e52ddc3351cabf489e79c91c17f6e0899158447047588650b5e69183",
                "sha256:535f6fc4d397c1563d08b88e485c3496cf5784e927af890fb3c3aac7f933ec66",
                "sha256:596510de112c685489095da617b5bcbbac7dd6384aeebeda4df6025d0256a81b",
                "sha256:62fe6c95e3ec8a7fad637b7f3d372c15ec1caa01ab47926cfdf7a75b40e0eac1",
                "sha256:6788b695d50a51edb699cb55e35487e430fa21f1ed838122d722e0ff0ac5ba15",
                "sha256:6dd73240d2af64df90aa7c4e7481e23825ea70af4b4922f8ede5b9e35f78a3b1",
                "sha256:717ba8fe3ae9cc0006d7c451f0bb265ee07739daf76355d06366154ee68d221e",
                "sha256:79855e1c5b8da654cf486b830bd42c06e8780cea587384cf6545b7d9ac013a0b",
                "sha256:7c1699dfe0cf8ff607dbdcc1e9b9af1755371f92a68f706051cc8c37d447c905",
                "sha256:88e5fcfb52ee7b911e8bb6d6aa2fd21fbecc674eadd44118a9cc3863f938e735",
                "sha256:8defac2f2ccd6805ebf65f5eeb132adcf2ab57aa11fdf4c0dd5169a004710e7d",
                "sha256:98c7086708b163d425c67c7a91bad6e466bb99d797aa64f965e9d25c12111a5e",
                "sha256:9add70b36c5666a2ed02b43b335fe19002ee5235efd4b8a89bfcf9005bebac0d",
                "sha256:9bf40443012702a1d2070043cb6291650a0841ece432556f784f004937f0f32c",
                "sha256:ade5e387d2ad0d7ebf59146cc00c8044acbd863725f887353a10df825fc8ae21",
                "sha256:b00c1de48212e4cc9603895652c5c410df699856a2853135b3967591e4beebc2",
                "sha256:b1282f8c00509d99fef04d8ba936b156d419be841854fe901d8ae224c59f0be5",
                "sha256:b2051432115498d3562c084a49bba65d97cf251f5a331c64a12ee7e04dacc51b",
                "sha256:ba59edeaa2fc6114428f1637ffff42da1e311e29382d81b339c1817d37ec93c6",
                "sha256:c8716a48d94b06bb3b2524c2b77e055fb313aeb4ea620c8dd03a105574ba704f",
                "sha256:cd5df75523866410809ca100dc9681e301e3c27567cf498077e8551b6d20e42f",
                "sha256:cdb132fc825c38e1aeec2c8aa9338310d29d337bebbd7baa06889d09a60a1fa2",
                "sha256:e249096428b3ae81b08327a63a485ad0878de3fb939049038579ac0ef61e17e7",
                "sha256:e8313f01ba26fbbe36c7be1966a7b7424942f670f38e666995b88d012765b9be"
            ],
            "version": "==1.1.1"
        },
        "meetup-api": {
            "editable": true,
            "git": "https://github.com/patcon/meetup-api.git",
            "ref": "b057bd105799fccc3c19577fec1e20c94f616a4f"
        },
        "oauth2client": {
            "hashes": [
                "sha256:b8a81cc5d60e2d364f0b1b98f958dbd472887acaf1a5b05e21c28c31a2d6d3ac",
                "sha256:d486741e451287f69568a4d26d70d9acd73a2bbfa275746c535b4209891cccc6"
            ],
            "index": "pypi",
            "version": "==4.1.3"
        },
        "oauthlib": {
            "hashes": [
                "sha256:bee41cc35fcca6e988463cacc3bcb8a96224f470ca547e697b604cc697b2f889",
                "sha256:df884cd6cbe20e32633f1db1072e9356f53638e4361bef4e8b03c9127c9328ea"
            ],
            "version": "==3.1.0"
        },
        "protobuf": {
            "hashes": [
                "sha256:00c2c276aca3af220d422e6a8625b1f5399c821c9b6f1c83e8a535aa8f48cc6c",
                "sha256:0d69d76b00d0eb5124cb33a34a793383a5bbbf9ac3e633207c09988717c5da85",
                "sha256:1c55277377dd35e508e9d86c67a545f6d8d242d792af487678eeb75c07974ee2",
                "sha256:35bc1b96241b8ea66dbf386547ef2e042d73dcc0bf4b63566e3ef68722bb24d1",
                "sha256:47a541ac44f2dcc8d49b615bcf3ed7ba4f33af9791118cecc3d17815fab652d9",
                "sha256:61364bcd2d85277ab6155bb7c5267e6a64786a919f1a991e29eb536aa5330a3d",
                "sha256:7aaa820d629f8a196763dd5ba21fd272fa038f775a845a52e21fa67862abcd35",
                "sha256:9593a6cdfc491f2caf62adb1c03170e9e8748d0a69faa2b3970e39a92fbd05a2",
                "sha256:95f035bbafec7dbaa0f1c72eda8108b763c1671fcb6e577e93da2d52eb47fbcf",
                "sha256:9d6a517ce33cbdc64b52a17c56ce17b0b20679c945ed7420e7c6bc6686ff0494",
                "sha256:a7532d971e4ab2019a9f6aa224b209756b6b9e702940ca85a4b1ed1d03f45396",
                "sha256:b4e8ecb1eb3d011f0ccc13f8bb0a2d481aa05b733e6e22e9d46a3f61dbbef0de",
                "sha256:bb1aced9dcebc46f0b320f24222cc8ffdfd2e47d2bafd4d2e5913cc6f7e3fc98",
                "sha256:ccce142ebcfbc35643a5012cf398497eb18e8d021333cced4d5401f034a8cef5",
                "sha256:d538eecc0b80accfb73c8167f39aaa167a5a50f31b1295244578c8eff8e9d602",
                "sha256:eab18765eb5c7bad1b2de7ae3774192b46e1873011682e36bcd70ccf75f2748a"
            ],
            "version": "==3.12.0"
        },
        "py-trello": {
            "hashes": [
                "sha256:42e5e05ee803e4c834acf14352e253c39795069a079b4684b3b83db7f85f186f"
            ],
            "index": "pypi",
            "version": "==0.14.0"
        },
        "pyasn1": {
            "hashes": [
                "sha256:39c7e2ec30515947ff4e87fb6f456dfc6e84857d34be479c9d4a4ba4bf46aa5d",
                "sha256:aef77c9fb94a3ac588e87841208bdec464471d9871bd5050a287cc9a475cd0ba"
            ],
            "version": "==0.4.8"
        },
        "pyasn1-modules": {
            "hashes": [
                "sha256:905f84c712230b2c592c19470d3ca8d552de726050d1d1716282a1f6146be65e",
                "sha256:a50b808ffeb97cb3601dd25981f6b016cbb3d31fbf57a8b8a87428e6158d0c74"
            ],
            "version": "==0.2.8"
        },
        "pydrive": {
            "hashes": [
                "sha256:5b94e971430722eb5c40a090f21df46b32e51399d747c1511796f63f902d1095",
                "sha256:83890dcc2278081c6e3f6a8da1f8083e25de0bcc8eb7c91374908c5549a20787"
            ],
            "index": "pypi",
            "version": "==1.3.1"
        },
        "pygithub": {
            "hashes": [
                "sha256:263102b43a83e2943900c1313109db7a00b3b78aeeae2c9137ba694982864872"
            ],
            "index": "pypi",
            "version": "==1.43.5"
        },
        "pyjwt": {
            "hashes": [
                "sha256:5c6eca3c2940464d106b99ba83b00c6add741c9becaec087fb7ccdefea71350e",
                "sha256:8d59a976fb773f3e6a39c85636357c4f0e242707394cadadd9814f5cbaa20e96"
            ],
            "version": "==1.7.1"
        },
        "pystache": {
            "hashes": [
                "sha256:f7bbc265fb957b4d6c7c042b336563179444ab313fb93a719759111eabd3b85a"
            ],
            "index": "pypi",
            "version": "==0.5.4"
        },
        "python-dateutil": {
            "hashes": [
                "sha256:7e6584c74aeed623791615e26efd690f29817a27c73085b78e4bad02493df2fb",
                "sha256:c89805f6f4d64db21ed966fda138f8a5ed7a4fdbc1a8ee329ce1b74e3c74da9e"
            ],
            "index": "pypi",
            "version": "==2.8.0"
        },
        "python-dotenv": {
            "hashes": [
                "sha256:a84569d0e00d178bc5b957f7ff208bf49287cbf61857c31c258c4a91f571527b",
                "sha256:c9b1ddd3cdbe75c7d462cb84674d87130f4b948f090f02c7d7144779afb99ae0"
            ],
            "index": "pypi",
            "version": "==0.10.1"
        },
        "pytz": {
            "hashes": [
                "sha256:a494d53b6d39c3c6e44c3bec237336e14305e4f29bbf800b599253057fbb79ed",
                "sha256:c35965d010ce31b23eeb663ed3cc8c906275d6be1a34393a1d73a41febf4a048"
            ],
            "version": "==2020.1"
        },
        "pyyaml": {
            "hashes": [
                "sha256:06a0d7ba600ce0b2d2fe2e78453a470b5a6e000a985dd4a4e54e436cc36b0e97",
                "sha256:240097ff019d7c70a4922b6869d8a86407758333f02203e0fc6ff79c5dcede76",
                "sha256:4f4b913ca1a7319b33cfb1369e91e50354d6f07a135f3b901aca02aa95940bd2",
                "sha256:69f00dca373f240f842b2931fb2c7e14ddbacd1397d57157a9b005a6a9942648",
                "sha256:73f099454b799e05e5ab51423c7bcf361c58d3206fa7b0d555426b1f4d9a3eaf",
                "sha256:74809a57b329d6cc0fdccee6318f44b9b8649961fa73144a98735b0aaf029f1f",
                "sha256:7739fc0fa8205b3ee8808aea45e968bc90082c10aef6ea95e855e10abf4a37b2",
                "sha256:95f71d2af0ff4227885f7a6605c37fd53d3a106fcab511b8860ecca9fcf400ee",
                "sha256:b8eac752c5e14d3eca0e6dd9199cd627518cb5ec06add0de9d32baeee6fe645d",
                "sha256:cc8955cfbfc7a115fa81d85284ee61147059a753344bc51098f3ccd69b0d7e0c",
                "sha256:d13155f591e6fcc1ec3b30685d50bf0711574e2c0dfffd7644babf8b5102ca1a"
            ],
            "version": "==5.3.1"
        },
        "regex": {
            "hashes": [
                "sha256:1386e75c9d1574f6aa2e4eb5355374c8e55f9aac97e224a8a5a6abded0f9c927",
                "sha256:27ff7325b297fb6e5ebb70d10437592433601c423f5acf86e5bc1ee2919b9561",
                "sha256:329ba35d711e3428db6b45a53b1b13a0a8ba07cbbcf10bbed291a7da45f106c3",
                "sha256:3a9394197664e35566242686d84dfd264c07b20f93514e2e09d3c2b3ffdf78fe",
                "sha256:51f17abbe973c7673a61863516bdc9c0ef467407a940f39501e786a07406699c",
                "sha256:579ea215c81d18da550b62ff97ee187b99f1b135fd894a13451e00986a080cad",
                "sha256:70c14743320a68c5dac7fc5a0f685be63bc2024b062fe2aaccc4acc3d01b14a1",
                "sha256:7e61be8a2900897803c293247ef87366d5df86bf701083b6c43119c7c6c99108",
                "sha256:8044d1c085d49673aadb3d7dc20ef5cb5b030c7a4fa253a593dda2eab3059929",
                "sha256:89d76ce33d3266173f5be80bd4efcbd5196cafc34100fdab814f9b228dee0fa4",
                "sha256:99568f00f7bf820c620f01721485cad230f3fb28f57d8fbf4a7967ec2e446994",
                "sha256:a7c37f048ec3920783abab99f8f4036561a174f1314302ccfa4e9ad31cb00eb4",
                "sha256:c2062c7d470751b648f1cacc3f54460aebfc261285f14bc6da49c6943bd48bdd",
                "sha256:c9bce6e006fbe771a02bda468ec40ffccbf954803b470a0345ad39c603402577",
                "sha256:ce367d21f33e23a84fb83a641b3834dd7dd8e9318ad8ff677fbfae5915a239f7",
                "sha256:ce450ffbfec93821ab1fea94779a8440e10cf63819be6e176eb1973a6017aff5",
                "sha256:ce5cc53aa9fbbf6712e92c7cf268274eaff30f6bd12a0754e8133d85a8fb0f5f",
                "sha256:d466967ac8e45244b9dfe302bbe5e3337f8dc4dec8d7d10f5e950d83b140d33a",
                "sha256:d881c2e657c51d89f02ae4c21d9adbef76b8325fe4d5cf0e9ad62f850f3a98fd",
                "sha256:e565569fc28e3ba3e475ec344d87ed3cd8ba2d575335359749298a0899fe122e",
                "sha256:ea55b80eb0d1c3f1d8d784264a6764f931e172480a2f1868f2536444c5f01e01"
            ],
            "version": "==2020.5.14"
        },
        "requests": {
            "hashes": [
                "sha256:502a824f31acdacb3a35b6690b5fbf0bc41d63a24a45c4004352b0242707598e",
                "sha256:7bf2a778576d825600030a110f3c0e3e8edc51dfaafe1c146e39a2027784957b"
            ],
            "index": "pypi",
            "version": "==2.21.0"
        },
        "requests-oauthlib": {
            "hashes": [
                "sha256:7f71572defaecd16372f9006f33c2ec8c077c3cfa6f5911a9a90202beb513f3d",
                "sha256:b4261601a71fd721a8bd6d7aa1cc1d6a8a93b4a9f5e96626f8e4d91e8beeaa6a"
            ],
            "version": "==1.3.0"
        },
        "rsa": {
            "hashes": [
                "sha256:14ba45700ff1ec9eeb206a2ce76b32814958a98e372006c8fb76ba820211be66",
                "sha256:1a836406405730121ae9823e19c6e806c62bbad73f890574fff50efa4122c487"
            ],
            "version": "==4.0"
        },
        "six": {
            "hashes": [
                "sha256:236bdbdce46e6e6a3d61a337c0f8b763ca1e8717c03b369e87a7ec7ce1319c0a",
                "sha256:8f3cd2e254d8f793e7f3d6d9df77b92252b52637291d0f0da013c76ea2724b6c"
            ],
            "version": "==1.14.0"
        },
        "slackclient": {
            "hashes": [
                "sha256:ac99b6ad8de027b5f6bdee4b1545d6b95ea1cca9a19ca0e5f3fda51b34d3f9ab"
            ],
            "index": "pypi",
            "version": "==1.3.1"
        },
        "tzlocal": {
            "hashes": [
                "sha256:643c97c5294aedc737780a49d9df30889321cbe1204eac2c2ec6134035a92e44",
                "sha256:e2cb6c6b5b604af38597403e9852872d7f534962ae2954c7f35efcb1ccacf4a4"
            ],
            "version": "==2.1"
        },
        "uritemplate": {
            "hashes": [
                "sha256:07620c3f3f8eed1f12600845892b0e036a2420acf513c53f7de0abd911a5894f",
                "sha256:5af8ad10cec94f215e3f48112de2022e1d5a37ed427fbd88652fa908f2ab7cae"
            ],
            "version": "==3.0.1"
        },
        "urllib3": {
            "hashes": [
                "sha256:2393a695cd12afedd0dcb26fe5d50d0cf248e5a66f75dbd89a3d4eb333a61af4",
                "sha256:a637e5fae88995b256e3409dc4d52c2e2e0ba32c42a6365fee8bbd2238de3cfb"
            ],
            "version": "==1.24.3"
        },
        "websocket-client": {
            "hashes": [
                "sha256:8c8bf2d4f800c3ed952df206b18c28f7070d9e3dcbd6ca6291127574f57ee786",
                "sha256:e51562c91ddb8148e791f0155fdb01325d99bb52c4cdbb291aee7a3563fd0849"
            ],
            "version": "==0.54.0"
        },
        "wrapt": {
            "hashes": [
                "sha256:b62ffa81fb85f4332a4f609cab4ac40709470da05643a082ec1eb88e6d9b97d7"
            ],
            "version": "==1.12.1"
        }
    },
    "develop": {}
}
